
Microsoft Visual Studio Solution File, Format Version 12.00
# Visual Studio 15
VisualStudioVersion = 15.0.26430.13
MinimumVisualStudioVersion = 10.0.40219.1
Project("{9A19103F-16F7-4668-BE54-9A1E7A4F7556}") = "PlayingWithThreads", "PlayingWithThreads\PlayingWithThreads.csproj", "{5A5DB948-2D3F-4990-A8E9-9A9272688263}"
EndProject
Project("{9A19103F-16F7-4668-BE54-9A1E7A4F7556}") = "PlayingWithLocks", "PlayingWithLocks\PlayingWithLocks.csproj", "{E4E29AD4-6A18-4A57-9A70-04A50E79C67A}"
EndProject
Project("{9A19103F-16F7-4668-BE54-9A1E7A4F7556}") = "PlayingWithAsyncAwaitTasks", "PlayingWithAsyncAwaitTasks\PlayingWithAsyncAwaitTasks.csproj", "{EF3CD3DA-D92B-4D92-A595-17213F8F0066}"
EndProject
Project("{FAE04EC0-301F-11D3-BF4B-00C04F79EFBC}") = "Sigh", "Sigh\Sigh.csproj", "{BF32D906-25DB-48EA-922B-47D1CA70DF65}"
EndProject
Global
	GlobalSection(SolutionConfigurationPlatforms) = preSolution
		Debug|Any CPU = Debug|Any CPU
		Release|Any CPU = Release|Any CPU
	EndGlobalSection
	GlobalSection(ProjectConfigurationPlatforms) = postSolution
		{5A5DB948-2D3F-4990-A8E9-9A9272688263}.Debug|Any CPU.ActiveCfg = Debug|Any CPU
		{5A5DB948-2D3F-4990-A8E9-9A9272688263}.Debug|Any CPU.Build.0 = Debug|Any CPU
		{5A5DB948-2D3F-4990-A8E9-9A9272688263}.Release|Any CPU.ActiveCfg = Release|Any CPU
		{5A5DB948-2D3F-4990-A8E9-9A9272688263}.Release|Any CPU.Build.0 = Release|Any CPU
		{E4E29AD4-6A18-4A57-9A70-04A50E79C67A}.Debug|Any CPU.ActiveCfg = Debug|Any CPU
		{E4E29AD4-6A18-4A57-9A70-04A50E79C67A}.Debug|Any CPU.Build.0 = Debug|Any CPU
		{E4E29AD4-6A18-4A57-9A70-04A50E79C67A}.Release|Any CPU.ActiveCfg = Release|Any CPU
		{E4E29AD4-6A18-4A57-9A70-04A50E79C67A}.Release|Any CPU.Build.0 = Release|Any CPU
		{EF3CD3DA-D92B-4D92-A595-17213F8F0066}.Debug|Any CPU.ActiveCfg = Debug|Any CPU
		{EF3CD3DA-D92B-4D92-A595-17213F8F0066}.Debug|Any CPU.Build.0 = Debug|Any CPU
		{EF3CD3DA-D92B-4D92-A595-17213F8F0066}.Release|Any CPU.ActiveCfg = Release|Any CPU
		{EF3CD3DA-D92B-4D92-A595-17213F8F0066}.Release|Any CPU.Build.0 = Release|Any CPU
		{BF32D906-25DB-48EA-922B-47D1CA70DF65}.Debug|Any CPU.ActiveCfg = Debug|Any CPU
		{BF32D906-25DB-48EA-922B-47D1CA70DF65}.Debug|Any CPU.Build.0 = Debug|Any CPU
		{BF32D906-25DB-48EA-922B-47D1CA70DF65}.Release|Any CPU.ActiveCfg = Release|Any CPU
		{BF32D906-25DB-48EA-922B-47D1CA70DF65}.Release|Any CPU.Build.0 = Release|Any CPU
	EndGlobalSection
	GlobalSection(SolutionProperties) = preSolution
		HideSolutionNode = FALSE
	EndGlobalSection
EndGlobal
